
Microsoft Visual Studio Solution File, Format Version 12.00
# Visual Studio Version 17
VisualStudioVersion = 17.5.33516.290
MinimumVisualStudioVersion = 10.0.40219.1
Project("{9A19103F-16F7-4668-BE54-9A1E7A4F7556}") = "FindServicesApp_BackEnd.Server", "FindServicesApp_BackEnd\Server\FindServicesApp_BackEnd.Server.csproj", "{493F960D-EFBB-4499-9131-A4EB9A9BE552}"
EndProject
Project("{9A19103F-16F7-4668-BE54-9A1E7A4F7556}") = "FindServicesApp_BackEnd.Client", "FindServicesApp_BackEnd\Client\FindServicesApp_BackEnd.Client.csproj", "{447BB01A-B39E-4FE2-A132-FCED97B27C50}"
EndProject
Project("{9A19103F-16F7-4668-BE54-9A1E7A4F7556}") = "FindServicesApp_BackEnd.Shared", "FindServicesApp_BackEnd\Shared\FindServicesApp_BackEnd.Shared.csproj", "{CDE5A366-296B-4D89-80A8-CD71F9535F76}"
EndProject
Global
	GlobalSection(SolutionConfigurationPlatforms) = preSolution
		Debug|Any CPU = Debug|Any CPU
		Release|Any CPU = Release|Any CPU
	EndGlobalSection
	GlobalSection(ProjectConfigurationPlatforms) = postSolution
		{493F960D-EFBB-4499-9131-A4EB9A9BE552}.Debug|Any CPU.ActiveCfg = Debug|Any CPU
		{493F960D-EFBB-4499-9131-A4EB9A9BE552}.Debug|Any CPU.Build.0 = Debug|Any CPU
		{493F960D-EFBB-4499-9131-A4EB9A9BE552}.Release|Any CPU.ActiveCfg = Release|Any CPU
		{493F960D-EFBB-4499-9131-A4EB9A9BE552}.Release|Any CPU.Build.0 = Release|Any CPU
		{447BB01A-B39E-4FE2-A132-FCED97B27C50}.Debug|Any CPU.ActiveCfg = Debug|Any CPU
		{447BB01A-B39E-4FE2-A132-FCED97B27C50}.Debug|Any CPU.Build.0 = Debug|Any CPU
		{447BB01A-B39E-4FE2-A132-FCED97B27C50}.Release|Any CPU.ActiveCfg = Release|Any CPU
		{447BB01A-B39E-4FE2-A132-FCED97B27C50}.Release|Any CPU.Build.0 = Release|Any CPU
		{CDE5A366-296B-4D89-80A8-CD71F9535F76}.Debug|Any CPU.ActiveCfg = Debug|Any CPU
		{CDE5A366-296B-4D89-80A8-CD71F9535F76}.Debug|Any CPU.Build.0 = Debug|Any CPU
		{CDE5A366-296B-4D89-80A8-CD71F9535F76}.Release|Any CPU.ActiveCfg = Release|Any CPU
		{CDE5A366-296B-4D89-80A8-CD71F9535F76}.Release|Any CPU.Build.0 = Release|Any CPU
	EndGlobalSection
	GlobalSection(SolutionProperties) = preSolution
		HideSolutionNode = FALSE
	EndGlobalSection
	GlobalSection(ExtensibilityGlobals) = postSolution
		SolutionGuid = {7DF69428-F450-4A6C-BE17-DB66C086B76E}
	EndGlobalSection
EndGlobal
